
Microsoft Visual Studio Solution File, Format Version 12.00
# Visual Studio Version 16
VisualStudioVersion = 16.0.31112.23
MinimumVisualStudioVersion = 10.0.40219.1
Project("{FAE04EC0-301F-11D3-BF4B-00C04F79EFBC}") = "ModuleKhachHang", "ModuleKhachHang\ModuleKhachHang.csproj", "{7A2C20EE-DB42-4745-BFAA-D141652EF751}"
EndProject
Global
	GlobalSection(SolutionConfigurationPlatforms) = preSolution
		Debug|Any CPU = Debug|Any CPU
		Release|Any CPU = Release|Any CPU
	EndGlobalSection
	GlobalSection(ProjectConfigurationPlatforms) = postSolution
		{7A2C20EE-DB42-4745-BFAA-D141652EF751}.Debug|Any CPU.ActiveCfg = Debug|Any CPU
		{7A2C20EE-DB42-4745-BFAA-D141652EF751}.Debug|Any CPU.Build.0 = Debug|Any CPU
		{7A2C20EE-DB42-4745-BFAA-D141652EF751}.Release|Any CPU.ActiveCfg = Release|Any CPU
		{7A2C20EE-DB42-4745-BFAA-D141652EF751}.Release|Any CPU.Build.0 = Release|Any CPU
	EndGlobalSection
	GlobalSection(SolutionProperties) = preSolution
		HideSolutionNode = FALSE
	EndGlobalSection
	GlobalSection(ExtensibilityGlobals) = postSolution
		SolutionGuid = {898AE629-7F7F-4B91-A434-699265209F85}
	EndGlobalSection
EndGlobal
